// !$*UTF8*$!
{
	archiveVersion = 1;
	classes = {
	};
	objectVersion = 46;
	objects = {

/* Begin PBXBuildFile section */
		272EC5521E4A372D0002AAF0 /* LoginViewController.swift in Sources */ = {isa = PBXBuildFile; fileRef = 272EC5511E4A372D0002AAF0 /* LoginViewController.swift */; };
		2747AF31F544F6A859A3D1F3 /* Pods_UniCastle.framework in Frameworks */ = {isa = PBXBuildFile; fileRef = 10508CA22D8D6243ACC51B82 /* Pods_UniCastle.framework */; };
		27683E571E4C9AE50023929E /* User.swift in Sources */ = {isa = PBXBuildFile; fileRef = 27683E561E4C9AE50023929E /* User.swift */; };
		27683E591E4C9B060023929E /* Constants.swift in Sources */ = {isa = PBXBuildFile; fileRef = 27683E581E4C9B060023929E /* Constants.swift */; };
		27683E5C1E4C9C320023929E /* AlertHelper.swift in Sources */ = {isa = PBXBuildFile; fileRef = 27683E5B1E4C9C320023929E /* AlertHelper.swift */; };
		27683E5E1E4C9CCD0023929E /* AppService.swift in Sources */ = {isa = PBXBuildFile; fileRef = 27683E5D1E4C9CCD0023929E /* AppService.swift */; };
		27683E601E4CA11D0023929E /* Module.swift in Sources */ = {isa = PBXBuildFile; fileRef = 27683E5F1E4CA11D0023929E /* Module.swift */; };
		27683E621E4D13170023929E /* Course.swift in Sources */ = {isa = PBXBuildFile; fileRef = 27683E611E4D13170023929E /* Course.swift */; };
		277280FA1E462F0D00FB487F /* AppDelegate.swift in Sources */ = {isa = PBXBuildFile; fileRef = 277280F91E462F0D00FB487F /* AppDelegate.swift */; };
		277280FC1E462F0D00FB487F /* ViewController.swift in Sources */ = {isa = PBXBuildFile; fileRef = 277280FB1E462F0D00FB487F /* ViewController.swift */; };
		277280FF1E462F0D00FB487F /* Main.storyboard in Resources */ = {isa = PBXBuildFile; fileRef = 277280FD1E462F0D00FB487F /* Main.storyboard */; };
		277281011E462F0D00FB487F /* Assets.xcassets in Resources */ = {isa = PBXBuildFile; fileRef = 277281001E462F0D00FB487F /* Assets.xcassets */; };
		277281041E462F0D00FB487F /* LaunchScreen.storyboard in Resources */ = {isa = PBXBuildFile; fileRef = 277281021E462F0D00FB487F /* LaunchScreen.storyboard */; };
/* End PBXBuildFile section */

/* Begin PBXFileReference section */
		0313D9384ABF10F476CD5D8E /* Pods-UniCastle.release.xcconfig */ = {isa = PBXFileReference; includeInIndex = 1; lastKnownFileType = text.xcconfig; name = "Pods-UniCastle.release.xcconfig"; path = "Pods/Target Support Files/Pods-UniCastle/Pods-UniCastle.release.xcconfig"; sourceTree = "<group>"; };
		10508CA22D8D6243ACC51B82 /* Pods_UniCastle.framework */ = {isa = PBXFileReference; explicitFileType = wrapper.framework; includeInIndex = 0; path = Pods_UniCastle.framework; sourceTree = BUILT_PRODUCTS_DIR; };
		272EC5511E4A372D0002AAF0 /* LoginViewController.swift */ = {isa = PBXFileReference; fileEncoding = 4; lastKnownFileType = sourcecode.swift; path = LoginViewController.swift; sourceTree = "<group>"; };
		27683E561E4C9AE50023929E /* User.swift */ = {isa = PBXFileReference; fileEncoding = 4; lastKnownFileType = sourcecode.swift; path = User.swift; sourceTree = "<group>"; };
		27683E581E4C9B060023929E /* Constants.swift */ = {isa = PBXFileReference; fileEncoding = 4; lastKnownFileType = sourcecode.swift; path = Constants.swift; sourceTree = "<group>"; };
		27683E5B1E4C9C320023929E /* AlertHelper.swift */ = {isa = PBXFileReference; fileEncoding = 4; lastKnownFileType = sourcecode.swift; path = AlertHelper.swift; sourceTree = "<group>"; };
		27683E5D1E4C9CCD0023929E /* AppService.swift */ = {isa = PBXFileReference; fileEncoding = 4; lastKnownFileType = sourcecode.swift; path = AppService.swift; sourceTree = "<group>"; };
		27683E5F1E4CA11D0023929E /* Module.swift */ = {isa = PBXFileReference; fileEncoding = 4; lastKnownFileType = sourcecode.swift; path = Module.swift; sourceTree = "<group>"; };
		27683E611E4D13170023929E /* Course.swift */ = {isa = PBXFileReference; fileEncoding = 4; lastKnownFileType = sourcecode.swift; path = Course.swift; sourceTree = "<group>"; };
		277280F61E462F0D00FB487F /* UniCastle.app */ = {isa = PBXFileReference; explicitFileType = wrapper.application; includeInIndex = 0; path = UniCastle.app; sourceTree = BUILT_PRODUCTS_DIR; };
		277280F91E462F0D00FB487F /* AppDelegate.swift */ = {isa = PBXFileReference; lastKnownFileType = sourcecode.swift; path = AppDelegate.swift; sourceTree = "<group>"; };
		277280FB1E462F0D00FB487F /* ViewController.swift */ = {isa = PBXFileReference; lastKnownFileType = sourcecode.swift; path = ViewController.swift; sourceTree = "<group>"; };
		277280FE1E462F0D00FB487F /* Base */ = {isa = PBXFileReference; lastKnownFileType = file.storyboard; name = Base; path = Base.lproj/Main.storyboard; sourceTree = "<group>"; };
		277281001E462F0D00FB487F /* Assets.xcassets */ = {isa = PBXFileReference; lastKnownFileType = folder.assetcatalog; path = Assets.xcassets; sourceTree = "<group>"; };
		277281031E462F0D00FB487F /* Base */ = {isa = PBXFileReference; lastKnownFileType = file.storyboard; name = Base; path = Base.lproj/LaunchScreen.storyboard; sourceTree = "<group>"; };
		277281051E462F0D00FB487F /* Info.plist */ = {isa = PBXFileReference; lastKnownFileType = text.plist.xml; path = Info.plist; sourceTree = "<group>"; };
		344E315DFA6DB908FA0C15E1 /* Pods-UniCastle.debug.xcconfig */ = {isa = PBXFileReference; includeInIndex = 1; lastKnownFileType = text.xcconfig; name = "Pods-UniCastle.debug.xcconfig"; path = "Pods/Target Support Files/Pods-UniCastle/Pods-UniCastle.debug.xcconfig"; sourceTree = "<group>"; };
/* End PBXFileReference section */

/* Begin PBXFrameworksBuildPhase section */
		277280F31E462F0D00FB487F /* Frameworks */ = {
			isa = PBXFrameworksBuildPhase;
			buildActionMask = 2147483647;
			files = (
				2747AF31F544F6A859A3D1F3 /* Pods_UniCastle.framework in Frameworks */,
			);
			runOnlyForDeploymentPostprocessing = 0;
		};
/* End PBXFrameworksBuildPhase section */

/* Begin PBXGroup section */
		27683E551E4C9ADC0023929E /* Model */ = {
			isa = PBXGroup;
			children = (
				27683E561E4C9AE50023929E /* User.swift */,
				27683E581E4C9B060023929E /* Constants.swift */,
				27683E5F1E4CA11D0023929E /* Module.swift */,
				27683E611E4D13170023929E /* Course.swift */,
			);
			name = Model;
			sourceTree = "<group>";
		};
		27683E5A1E4C9C260023929E /* Supporting Files */ = {
			isa = PBXGroup;
			children = (
				27683E5B1E4C9C320023929E /* AlertHelper.swift */,
				27683E5D1E4C9CCD0023929E /* AppService.swift */,
			);
			name = "Supporting Files";
			sourceTree = "<group>";
		};
		277280ED1E462F0D00FB487F = {
			isa = PBXGroup;
			children = (
				277280F81E462F0D00FB487F /* UniCastle */,
				277280F71E462F0D00FB487F /* Products */,
				61501B213BD0CCA6368FDE05 /* Pods */,
				A27FA136B60758ED71D0702F /* Frameworks */,
			);
			sourceTree = "<group>";
		};
		277280F71E462F0D00FB487F /* Products */ = {
			isa = PBXGroup;
			children = (
				277280F61E462F0D00FB487F /* UniCastle.app */,
			);
			name = Products;
			sourceTree = "<group>";
		};
		277280F81E462F0D00FB487F /* UniCastle */ = {
			isa = PBXGroup;
			children = (
				27683E5A1E4C9C260023929E /* Supporting Files */,
				27683E551E4C9ADC0023929E /* Model */,
				277280F91E462F0D00FB487F /* AppDelegate.swift */,
				277280FB1E462F0D00FB487F /* ViewController.swift */,
				277280FD1E462F0D00FB487F /* Main.storyboard */,
				277281001E462F0D00FB487F /* Assets.xcassets */,
				277281021E462F0D00FB487F /* LaunchScreen.storyboard */,
				277281051E462F0D00FB487F /* Info.plist */,
				272EC5511E4A372D0002AAF0 /* LoginViewController.swift */,
			);
			path = UniCastle;
			sourceTree = "<group>";
		};
		61501B213BD0CCA6368FDE05 /* Pods */ = {
			isa = PBXGroup;
			children = (
				344E315DFA6DB908FA0C15E1 /* Pods-UniCastle.debug.xcconfig */,
				0313D9384ABF10F476CD5D8E /* Pods-UniCastle.release.xcconfig */,
			);
			name = Pods;
			sourceTree = "<group>";
		};
		A27FA136B60758ED71D0702F /* Frameworks */ = {
			isa = PBXGroup;
			children = (
				10508CA22D8D6243ACC51B82 /* Pods_UniCastle.framework */,
			);
			name = Frameworks;
			sourceTree = "<group>";
		};
/* End PBXGroup section */

/* Begin PBXNativeTarget section */
		277280F51E462F0D00FB487F /* UniCastle */ = {
			isa = PBXNativeTarget;
			buildConfigurationList = 277281081E462F0D00FB487F /* Build configuration list for PBXNativeTarget "UniCastle" */;
			buildPhases = (
				3DCA171319133727639055CE /* [CP] Check Pods Manifest.lock */,
				277280F21E462F0D00FB487F /* Sources */,
				277280F31E462F0D00FB487F /* Frameworks */,
				277280F41E462F0D00FB487F /* Resources */,
				C1D92D0E248AF90AC2573FAB /* [CP] Embed Pods Frameworks */,
				FBED44896803DE2BC2DCE907 /* [CP] Copy Pods Resources */,
			);
			buildRules = (
			);
			dependencies = (
			);
			name = UniCastle;
			productName = UniCastle;
			productReference = 277280F61E462F0D00FB487F /* UniCastle.app */;
			productType = "com.apple.product-type.application";
		};
/* End PBXNativeTarget section */

/* Begin PBXProject section */
		277280EE1E462F0D00FB487F /* Project object */ = {
			isa = PBXProject;
			attributes = {
				LastSwiftUpdateCheck = 0820;
				LastUpgradeCheck = 0820;
				ORGANIZATIONNAME = "Yerbol Kopzhassar";
				TargetAttributes = {
					277280F51E462F0D00FB487F = {
						CreatedOnToolsVersion = 8.2.1;
						DevelopmentTeam = A92UW2429U;
						ProvisioningStyle = Automatic;
					};
				};
			};
			buildConfigurationList = 277280F11E462F0D00FB487F /* Build configuration list for PBXProject "UniCastle" */;
			compatibilityVersion = "Xcode 3.2";
			developmentRegion = English;
			hasScannedForEncodings = 0;
			knownRegions = (
				en,
				Base,
			);
			mainGroup = 277280ED1E462F0D00FB487F;
			productRefGroup = 277280F71E462F0D00FB487F /* Products */;
			projectDirPath = "";
			projectRoot = "";
			targets = (
				277280F51E462F0D00FB487F /* UniCastle */,
			);
		};
/* End PBXProject section */

/* Begin PBXResourcesBuildPhase section */
		277280F41E462F0D00FB487F /* Resources */ = {
			isa = PBXResourcesBuildPhase;
			buildActionMask = 2147483647;
			files = (
				277281041E462F0D00FB487F /* LaunchScreen.storyboard in Resources */,
				277281011E462F0D00FB487F /* Assets.xcassets in Resources */,
				277280FF1E462F0D00FB487F /* Main.storyboard in Resources */,
			);
			runOnlyForDeploymentPostprocessing = 0;
		};
/* End PBXResourcesBuildPhase section */

/* Begin PBXShellScriptBuildPhase section */
		3DCA171319133727639055CE /* [CP] Check Pods Manifest.lock */ = {
			isa = PBXShellScriptBuildPhase;
			buildActionMask = 2147483647;
			files = (
			);
			inputPaths = (
			);
			name = "[CP] Check Pods Manifest.lock";
			outputPaths = (
			);
			runOnlyForDeploymentPostprocessing = 0;
			shellPath = /bin/sh;
			shellScript = "diff \"${PODS_ROOT}/../Podfile.lock\" \"${PODS_ROOT}/Manifest.lock\" > /dev/null\nif [ $? != 0 ] ; then\n    # print error to STDERR\n    echo \"error: The sandbox is not in sync with the Podfile.lock. Run 'pod install' or update your CocoaPods installation.\" >&2\n    exit 1\nfi\n";
			showEnvVarsInLog = 0;
		};
		C1D92D0E248AF90AC2573FAB /* [CP] Embed Pods Frameworks */ = {
			isa = PBXShellScriptBuildPhase;
			buildActionMask = 2147483647;
			files = (
			);
			inputPaths = (
			);
			name = "[CP] Embed Pods Frameworks";
			outputPaths = (
			);
			runOnlyForDeploymentPostprocessing = 0;
			shellPath = /bin/sh;
			shellScript = "\"${SRCROOT}/Pods/Target Support Files/Pods-UniCastle/Pods-UniCastle-frameworks.sh\"\n";
			showEnvVarsInLog = 0;
		};
		FBED44896803DE2BC2DCE907 /* [CP] Copy Pods Resources */ = {
			isa = PBXShellScriptBuildPhase;
			buildActionMask = 2147483647;
			files = (
			);
			inputPaths = (
			);
			name = "[CP] Copy Pods Resources";
			outputPaths = (
			);
			runOnlyForDeploymentPostprocessing = 0;
			shellPath = /bin/sh;
			shellScript = "\"${SRCROOT}/Pods/Target Support Files/Pods-UniCastle/Pods-UniCastle-resources.sh\"\n";
			showEnvVarsInLog = 0;
		};
/* End PBXShellScriptBuildPhase section */

/* Begin PBXSourcesBuildPhase section */
		277280F21E462F0D00FB487F /* Sources */ = {
			isa = PBXSourcesBuildPhase;
			buildActionMask = 2147483647;
			files = (
				27683E621E4D13170023929E /* Course.swift in Sources */,
				27683E5C1E4C9C320023929E /* AlertHelper.swift in Sources */,
				27683E591E4C9B060023929E /* Constants.swift in Sources */,
				27683E5E1E4C9CCD0023929E /* AppService.swift in Sources */,
				27683E571E4C9AE50023929E /* User.swift in Sources */,
				272EC5521E4A372D0002AAF0 /* LoginViewController.swift in Sources */,
				27683E601E4CA11D0023929E /* Module.swift in Sources */,
				277280FC1E462F0D00FB487F /* ViewController.swift in Sources */,
				277280FA1E462F0D00FB487F /* AppDelegate.swift in Sources */,
			);
			runOnlyForDeploymentPostprocessing = 0;
		};
/* End PBXSourcesBuildPhase section */

/* Begin PBXVariantGroup section */
		277280FD1E462F0D00FB487F /* Main.storyboard */ = {
			isa = PBXVariantGroup;
			children = (
				277280FE1E462F0D00FB487F /* Base */,
			);
			name = Main.storyboard;
			sourceTree = "<group>";
		};
		277281021E462F0D00FB487F /* LaunchScreen.storyboard */ = {
			isa = PBXVariantGroup;
			children = (
				277281031E462F0D00FB487F /* Base */,
			);
			name = LaunchScreen.storyboard;
			sourceTree = "<group>";
		};
/* End PBXVariantGroup section */

/* Begin XCBuildConfiguration section */
		277281061E462F0D00FB487F /* Debug */ = {
			isa = XCBuildConfiguration;
			buildSettings = {
				ALWAYS_SEARCH_USER_PATHS = NO;
				CLANG_ANALYZER_NONNULL = YES;
				CLANG_CXX_LANGUAGE_STANDARD = "gnu++0x";
				CLANG_CXX_LIBRARY = "libc++";
				CLANG_ENABLE_MODULES = YES;
				CLANG_ENABLE_OBJC_ARC = YES;
				CLANG_WARN_BOOL_CONVERSION = YES;
				CLANG_WARN_CONSTANT_CONVERSION = YES;
				CLANG_WARN_DIRECT_OBJC_ISA_USAGE = YES_ERROR;
				CLANG_WARN_DOCUMENTATION_COMMENTS = YES;
				CLANG_WARN_EMPTY_BODY = YES;
				CLANG_WARN_ENUM_CONVERSION = YES;
				CLANG_WARN_INFINITE_RECURSION = YES;
				CLANG_WARN_INT_CONVERSION = YES;
				CLANG_WARN_OBJC_ROOT_CLASS = YES_ERROR;
				CLANG_WARN_SUSPICIOUS_MOVE = YES;
				CLANG_WARN_UNREACHABLE_CODE = YES;
				CLANG_WARN__DUPLICATE_METHOD_MATCH = YES;
				"CODE_SIGN_IDENTITY[sdk=iphoneos*]" = "iPhone Developer";
				COPY_PHASE_STRIP = NO;
				DEBUG_INFORMATION_FORMAT = dwarf;
				ENABLE_STRICT_OBJC_MSGSEND = YES;
				ENABLE_TESTABILITY = YES;
				GCC_C_LANGUAGE_STANDARD = gnu99;
				GCC_DYNAMIC_NO_PIC = NO;
				GCC_NO_COMMON_BLOCKS = YES;
				GCC_OPTIMIZATION_LEVEL = 0;
				GCC_PREPROCESSOR_DEFINITIONS = (
					"DEBUG=1",
					"$(inherited)",
				);
				GCC_WARN_64_TO_32_BIT_CONVERSION = YES;
				GCC_WARN_ABOUT_RETURN_TYPE = YES_ERROR;
				GCC_WARN_UNDECLARED_SELECTOR = YES;
				GCC_WARN_UNINITIALIZED_AUTOS = YES_AGGRESSIVE;
				GCC_WARN_UNUSED_FUNCTION = YES;
				GCC_WARN_UNUSED_VARIABLE = YES;
				IPHONEOS_DEPLOYMENT_TARGET = 10.2;
				MTL_ENABLE_DEBUG_INFO = YES;
				ONLY_ACTIVE_ARCH = YES;
				SDKROOT = iphoneos;
				SWIFT_ACTIVE_COMPILATION_CONDITIONS = DEBUG;
				SWIFT_OPTIMIZATION_LEVEL = "-Onone";
			};
			name = Debug;
		};
		277281071E462F0D00FB487F /* Release */ = {
			isa = XCBuildConfiguration;
			buildSettings = {
				ALWAYS_SEARCH_USER_PATHS = NO;
				CLANG_ANALYZER_NONNULL = YES;
				CLANG_CXX_LANGUAGE_STANDARD = "gnu++0x";
				CLANG_CXX_LIBRARY = "libc++";
				CLANG_ENABLE_MODULES = YES;
				CLANG_ENABLE_OBJC_ARC = YES;
				CLANG_WARN_BOOL_CONVERSION = YES;
				CLANG_WARN_CONSTANT_CONVERSION = YES;
				CLANG_WARN_DIRECT_OBJC_ISA_USAGE = YES_ERROR;
				CLANG_WARN_DOCUMENTATION_COMMENTS = YES;
				CLANG_WARN_EMPTY_BODY = YES;
				CLANG_WARN_ENUM_CONVERSION = YES;
				CLANG_WARN_INFINITE_RECURSION = YES;
				CLANG_WARN_INT_CONVERSION = YES;
				CLANG_WARN_OBJC_ROOT_CLASS = YES_ERROR;
				CLANG_WARN_SUSPICIOUS_MOVE = YES;
				CLANG_WARN_UNREACHABLE_CODE = YES;
				CLANG_WARN__DUPLICATE_METHOD_MATCH = YES;
				"CODE_SIGN_IDENTITY[sdk=iphoneos*]" = "iPhone Developer";
				COPY_PHASE_STRIP = NO;
				DEBUG_INFORMATION_FORMAT = "dwarf-with-dsym";
				ENABLE_NS_ASSERTIONS = NO;
				ENABLE_STRICT_OBJC_MSGSEND = YES;
				GCC_C_LANGUAGE_STANDARD = gnu99;
				GCC_NO_COMMON_BLOCKS = YES;
				GCC_WARN_64_TO_32_BIT_CONVERSION = YES;
				GCC_WARN_ABOUT_RETURN_TYPE = YES_ERROR;
				GCC_WARN_UNDECLARED_SELECTOR = YES;
				GCC_WARN_UNINITIALIZED_AUTOS = YES_AGGRESSIVE;
				GCC_WARN_UNUSED_FUNCTION = YES;
				GCC_WARN_UNUSED_VARIABLE = YES;
				IPHONEOS_DEPLOYMENT_TARGET = 10.2;
				MTL_ENABLE_DEBUG_INFO = NO;
				SDKROOT = iphoneos;
				SWIFT_OPTIMIZATION_LEVEL = "-Owholemodule";
				VALIDATE_PRODUCT = YES;
			};
			name = Release;
		};
		277281091E462F0D00FB487F /* Debug */ = {
			isa = XCBuildConfiguration;
			baseConfigurationReference = 344E315DFA6DB908FA0C15E1 /* Pods-UniCastle.debug.xcconfig */;
			buildSettings = {
				ASSETCATALOG_COMPILER_APPICON_NAME = AppIcon;
				DEVELOPMENT_TEAM = A92UW2429U;
				INFOPLIST_FILE = UniCastle/Info.plist;
				LD_RUNPATH_SEARCH_PATHS = "$(inherited) @executable_path/Frameworks";
				PRODUCT_BUNDLE_IDENTIFIER = Flaminis.UniCastle;
				PRODUCT_NAME = "$(TARGET_NAME)";
				SWIFT_VERSION = 3.0;
			};
			name = Debug;
		};
		2772810A1E462F0D00FB487F /* Release */ = {
			isa = XCBuildConfiguration;
			baseConfigurationReference = 0313D9384ABF10F476CD5D8E /* Pods-UniCastle.release.xcconfig */;
			buildSettings = {
				ASSETCATALOG_COMPILER_APPICON_NAME = AppIcon;
				DEVELOPMENT_TEAM = A92UW2429U;
				INFOPLIST_FILE = UniCastle/Info.plist;
				LD_RUNPATH_SEARCH_PATHS = "$(inherited) @executable_path/Frameworks";
				PRODUCT_BUNDLE_IDENTIFIER = Flaminis.UniCastle;
				PRODUCT_NAME = "$(TARGET_NAME)";
				SWIFT_VERSION = 3.0;
			};
			name = Release;
		};
/* End XCBuildConfiguration section */

/* Begin XCConfigurationList section */
		277280F11E462F0D00FB487F /* Build configuration list for PBXProject "UniCastle" */ = {
			isa = XCConfigurationList;
			buildConfigurations = (
				277281061E462F0D00FB487F /* Debug */,
				277281071E462F0D00FB487F /* Release */,
			);
			defaultConfigurationIsVisible = 0;
			defaultConfigurationName = Release;
		};
		277281081E462F0D00FB487F /* Build configuration list for PBXNativeTarget "UniCastle" */ = {
			isa = XCConfigurationList;
			buildConfigurations = (
				277281091E462F0D00FB487F /* Debug */,
				2772810A1E462F0D00FB487F /* Release */,
			);
			defaultConfigurationIsVisible = 0;
			defaultConfigurationName = Release;
		};
/* End XCConfigurationList section */
	};
	rootObject = 277280EE1E462F0D00FB487F /* Project object */;
}
